# This file is automatically @generated by Cargo.
# It is not intended for manual editing.
version = 4

[[package]]
name = "aidlc"
version = "0.1.0"
dependencies = [
 "core-interface-adapter",
 "infra-io",
]

[[package]]
name = "audit-events"
version = "0.1.0"

[[package]]
name = "canon-json"
version = "0.1.0"

[[package]]
name = "core-domain"
version = "0.1.0"
dependencies = [
 "audit-events",
 "directive-schema",
]

[[package]]
name = "core-interface-adapter"
version = "0.1.0"
dependencies = [
 "audit-events",
 "canon-json",
 "core-domain",
 "core-use-case",
 "directive-schema",
 "infra-io",
 "message-catalog",
]

[[package]]
name = "core-use-case"
version = "0.1.0"
dependencies = [
 "audit-events",
 "core-domain",
 "directive-schema",
]

[[package]]
name = "directive-schema"
version = "0.1.0"

[[package]]
name = "harness-claude"
version = "0.1.0"
dependencies = [
 "core-interface-adapter",
]

[[package]]
name = "infra-io"
version = "0.1.0"

[[package]]
name = "message-catalog"
version = "0.1.0"
